{
  "name": "javascript-intro-challenges",
  "lockfileVersion": 2,
  "requires": true,
  "packages": {
    "": {
      "dependencies": {
        "languages-js": "^2.3.3"
      }
    },
    "node_modules/languages-js": {
      "version": "2.3.3",
      "resolved": "https://registry.npmjs.org/languages-js/-/languages-js-2.3.3.tgz",
      "integrity": "sha512-U/FwCu67UobbZ7AoPvaDGhfDSQHrnt2tslsWMQubL1PKMWLx3nqShCDakE11dYQ9+ZqeR9LaHLpfBv8rxcJXmQ=="
    }
  },
  "dependencies": {
    "languages-js": {
      "version": "2.3.3",
      "resolved": "https://registry.npmjs.org/languages-js/-/languages-js-2.3.3.tgz",
      "integrity": "sha512-U/FwCu67UobbZ7AoPvaDGhfDSQHrnt2tslsWMQubL1PKMWLx3nqShCDakE11dYQ9+ZqeR9LaHLpfBv8rxcJXmQ=="
    }
  }
}
